memo = "a841ba8f89566bc11f04bce554f8974c4930bac80b2e0e6b28f8f5fce41ecd7e"

[[projects]]
  branch = "master"
  name = "github.com/BurntSushi/toml"
  packages = ["."]
  revision = "056c9bc7be7190eaa7715723883caffa5f8fa3e4"

[[projects]]
  name = "github.com/PuerkitoBio/purell"
  packages = ["."]
  revision = "0bcb03f4b4d0a9428594752bd2a3b9aa0a9d4bd4"
  version = "v1.1.0"

[[projects]]
  branch = "master"
  name = "github.com/PuerkitoBio/urlesc"
  packages = ["."]
  revision = "bbf7a2afc14f93e1e0a5c06df524fbd75e5031e5"

[[projects]]
  name = "github.com/blang/semver"
  packages = ["."]
  revision = "b38d23b8782a487059e8fc8773e9a5b228a77cb6"
  version = "v3.5.0"

[[projects]]
  branch = "master"
  name = "github.com/coreos/go-oidc"
  packages = ["http","jose","key","oauth2","oidc"]
  revision = "c797a55f1c1001ec3169f1d0fbb4c5523563bec6"

[[projects]]
  name = "github.com/coreos/pkg"
  packages = ["health","httputil","timeutil"]
  revision = "3ac0863d7acf3bc44daf49afef8919af12f704ef"
  version = "v3"

[[projects]]
  name = "github.com/davecgh/go-spew"
  packages = ["spew"]
  revision = "5215b55f46b2b919f50a1df0eaa5886afe4e3b3d"

[[projects]]
  name = "github.com/docker/distribution"
  packages = ["digest","reference"]
  revision = "a25b9ef0c9fe242ac04bb20d3a028442b7d266b6"
  version = "v2.6.1"

[[projects]]
  name = "github.com/emicklei/go-restful"
  packages = [".","log","swagger"]
  revision = "777bb3f19bcafe2575ffb2a3e46af92509ae9594"
  version = "v1.2"

[[projects]]
  name = "github.com/ghodss/yaml"
  packages = ["."]
  revision = "0ca9ea5df5451ffdf184b4428c902747c2c11cd7"
  version = "v1.0.0"

[[projects]]
  branch = "master"
  name = "github.com/go-openapi/jsonpointer"
  packages = ["."]
  revision = "779f45308c19820f1a69e9a4cd965f496e0da10f"

[[projects]]
  branch = "master"
  name = "github.com/go-openapi/jsonreference"
  packages = ["."]
  revision = "36d33bfe519efae5632669801b180bf1a245da3b"

[[projects]]
  branch = "master"
  name = "github.com/go-openapi/spec"
  packages = ["."]
  revision = "e51c28f07047ad90caff03f6450908720d337e0c"

[[projects]]
  branch = "master"
  name = "github.com/go-openapi/swag"
  packages = ["."]
  revision = "24ebf76d720bab64f62824d76bced3184a65490d"

[[projects]]
  name = "github.com/gogo/protobuf"
  packages = ["proto","sortkeys"]
  revision = "100ba4e885062801d56799d78530b73b178a78f3"
  version = "v0.4"

[[projects]]
  branch = "master"
  name = "github.com/golang/glog"
  packages = ["."]
  revision = "23def4e6c14b4da8ac2ed8007337bc5eb5007998"

[[projects]]
  branch = "master"
  name = "github.com/golang/protobuf"
  packages = ["proto"]
  revision = "fec3b39b059c0f88fa6b20f5ed012b1aa203a8b4"

[[projects]]
  branch = "master"
  name = "github.com/google/gofuzz"
  packages = ["."]
  revision = "44d81051d367757e1c7c6a5a86423ece9afcf63c"

[[projects]]
  branch = "master"
  name = "github.com/hashicorp/hcl"
  packages = [".","hcl/ast","hcl/parser","hcl/scanner","hcl/strconv","hcl/token","json/parser","json/scanner","json/token"]
  revision = "37ab263305aaeb501a60eb16863e808d426e37f2"

[[projects]]
  branch = "master"
  name = "github.com/howeyc/gopass"
  packages = ["."]
  revision = "bf9dde6d0d2c004a008c27aaee91170c786f6db8"

[[projects]]
  name = "github.com/imdario/mergo"
  packages = ["."]
  revision = "3e95a51e0639b4cf372f2ccf74c86749d747fbdc"
  version = "0.2.2"

[[projects]]
  name = "github.com/inconshreveable/mousetrap"
  packages = ["."]
  revision = "76626ae9c91c4f2a10f34cad8ce83ea42c93bb75"

[[projects]]
  name = "github.com/jonboulle/clockwork"
  packages = ["."]
  revision = "2eee05ed794112d45db504eb05aa693efd2b8b09"
  version = "v0.1.0"

[[projects]]
  branch = "master"
  name = "github.com/juju/ratelimit"
  packages = ["."]
  revision = "acf38b000a03e4ab89e40f20f1e548f4e6ac7f72"

[[projects]]
  branch = "master"
  name = "github.com/kr/pretty"
  packages = ["."]
  revision = "e6ac2fc51e89a3249e82157fa0bb7a18ef9dd5bb"

[[projects]]
  branch = "master"
  name = "github.com/kr/text"
  packages = ["."]
  revision = "bb797dc4fb8320488f47bf11de07a733d7233e1f"

[[projects]]
  branch = "master"
  name = "github.com/magiconair/properties"
  packages = ["."]
  revision = "c265cfa48dda6474e208715ca93e987829f572f8"

[[projects]]
  branch = "master"
  name = "github.com/mailru/easyjson"
  packages = ["buffer","jlexer","jwriter"]
  revision = "3f09c2282fc5ad74b3d04a485311f3173c2431d3"

[[projects]]
  name = "github.com/mitchellh/mapstructure"
  packages = ["."]
  revision = "740c764bc6149d3f1806231418adb9f52c11bcbf"

[[projects]]
  name = "github.com/pborman/uuid"
  packages = ["."]
  revision = "a97ce2ca70fa5a848076093f05e639a89ca34d06"
  version = "v1.0"

[[projects]]
  branch = "master"
  name = "github.com/spf13/cast"
  packages = ["."]
  revision = "27b586b42e29bec072fe7379259cc719e1289da6"

[[projects]]
  name = "github.com/spf13/cobra"
  packages = ["."]
  revision = "4c05eb1145f16d0e6bb4a3e1b6d769f4713cb41f"

[[projects]]
  branch = "master"
  name = "github.com/spf13/jwalterweatherman"
  packages = ["."]
  revision = "33c24e77fb80341fe7130ee7c594256ff08ccc46"

[[projects]]
  name = "github.com/spf13/pflag"
  packages = ["."]
  revision = "08b1a584251b5b62f458943640fc8ebd4d50aaa5"

[[projects]]
  branch = "master"
  name = "github.com/spf13/viper"
  packages = ["."]
  revision = "c975dc1b4eacf4ec7fdbf0873638de5d090ba323"

[[projects]]
  branch = "master"
  name = "github.com/ugorji/go"
  packages = ["codec"]
  revision = "708a42d246822952f38190a8d8c4e6b16a0e600c"

[[projects]]
  branch = "master"
  name = "golang.org/x/crypto"
  packages = ["ssh/terminal"]
  revision = "ab89591268e0c8b748cbe4047b00197516011af5"

[[projects]]
  branch = "master"
  name = "golang.org/x/net"
  packages = ["context","context/ctxhttp","http2","http2/hpack","idna","lex/httplex"]
  revision = "d1e1b351919c6738fdeb9893d5c998b161464f0c"

[[projects]]
  name = "golang.org/x/oauth2"
  packages = [".","google","internal","jws","jwt"]
  revision = "b5adcc2dcdf009d0391547edc6ecbaff889f5bb9"

[[projects]]
  branch = "master"
  name = "golang.org/x/sys"
  packages = ["unix"]
  revision = "f845067cf72a21fb4929b0e6a35273bd83b56396"

[[projects]]
  branch = "master"
  name = "golang.org/x/text"
  packages = ["internal/gen","internal/triegen","internal/ucd","secure/bidirule","transform","unicode/bidi","unicode/cldr","unicode/norm","unicode/rangetable","width"]
  revision = "19e51611da83d6be54ddafce4a4af510cb3e9ea4"

[[projects]]
  name = "google.golang.org/api"
  packages = ["dns/v1","gensupport","googleapi","googleapi/internal/uritemplates"]
  revision = "77e7d383beb96054547729f49c372b3d01e196ff"

[[projects]]
  name = "google.golang.org/appengine"
  packages = [".","internal","internal/app_identity","internal/base","internal/datastore","internal/log","internal/modules","internal/remote_api","internal/urlfetch","urlfetch"]
  revision = "150dc57a1b433e64154302bdc40b6bb8aefa313a"
  version = "v1.0.0"

[[projects]]
  name = "google.golang.org/cloud"
  packages = ["compute/metadata","internal"]
  revision = "eb47ba841d53d93506cfbfbc03927daf9cc48f88"

[[projects]]
  branch = "master"
  name = "gopkg.in/fsnotify.v1"
  packages = ["."]
  revision = "96c060f6a6b7e0d6f75fddd10efeaca3e5d1bcb0"

[[projects]]
  name = "gopkg.in/inf.v0"
  packages = ["."]
  revision = "3887ee99ecf07df5b447e9b00d9c0b2adaa9f3e4"
  version = "v0.9.0"

[[projects]]
  name = "gopkg.in/yaml.v2"
  packages = ["."]
  revision = "a83829b6f1293c91addabc89d0571c246397bbf4"

[[projects]]
  name = "k8s.io/client-go"
  packages = ["discovery","kubernetes","kubernetes/typed/apps/v1beta1","kubernetes/typed/authentication/v1beta1","kubernetes/typed/authorization/v1beta1","kubernetes/typed/autoscaling/v1","kubernetes/typed/batch/v1","kubernetes/typed/batch/v2alpha1","kubernetes/typed/certificates/v1alpha1","kubernetes/typed/core/v1","kubernetes/typed/extensions/v1beta1","kubernetes/typed/policy/v1beta1","kubernetes/typed/rbac/v1alpha1","kubernetes/typed/storage/v1beta1","pkg/api","pkg/api/errors","pkg/api/install","pkg/api/meta","pkg/api/meta/metatypes","pkg/api/resource","pkg/api/unversioned","pkg/api/v1","pkg/api/validation/path","pkg/apimachinery","pkg/apimachinery/announced","pkg/apimachinery/registered","pkg/apis/apps","pkg/apis/apps/install","pkg/apis/apps/v1beta1","pkg/apis/authentication","pkg/apis/authentication/install","pkg/apis/authentication/v1beta1","pkg/apis/authorization","pkg/apis/authorization/install","pkg/apis/authorization/v1beta1","pkg/apis/autoscaling","pkg/apis/autoscaling/install","pkg/apis/autoscaling/v1","pkg/apis/batch","pkg/apis/batch/install","pkg/apis/batch/v1","pkg/apis/batch/v2alpha1","pkg/apis/certificates","pkg/apis/certificates/install","pkg/apis/certificates/v1alpha1","pkg/apis/extensions","pkg/apis/extensions/install","pkg/apis/extensions/v1beta1","pkg/apis/policy","pkg/apis/policy/install","pkg/apis/policy/v1beta1","pkg/apis/rbac","pkg/apis/rbac/install","pkg/apis/rbac/v1alpha1","pkg/apis/storage","pkg/apis/storage/install","pkg/apis/storage/v1beta1","pkg/auth/user","pkg/conversion","pkg/conversion/queryparams","pkg/fields","pkg/genericapiserver/openapi/common","pkg/labels","pkg/runtime","pkg/runtime/serializer","pkg/runtime/serializer/json","pkg/runtime/serializer/protobuf","pkg/runtime/serializer/recognizer","pkg/runtime/serializer/streaming","pkg/runtime/serializer/versioning","pkg/selection","pkg/third_party/forked/golang/reflect","pkg/third_party/forked/golang/template","pkg/types","pkg/util","pkg/util/cert","pkg/util/clock","pkg/util/diff","pkg/util/errors","pkg/util/flowcontrol","pkg/util/framer","pkg/util/homedir","pkg/util/integer","pkg/util/intstr","pkg/util/json","pkg/util/jsonpath","pkg/util/labels","pkg/util/net","pkg/util/parsers","pkg/util/rand","pkg/util/runtime","pkg/util/sets","pkg/util/uuid","pkg/util/validation","pkg/util/validation/field","pkg/util/wait","pkg/util/yaml","pkg/version","pkg/watch","pkg/watch/versioned","plugin/pkg/client/auth","plugin/pkg/client/auth/gcp","plugin/pkg/client/auth/oidc","rest","tools/auth","tools/cache","tools/clientcmd","tools/clientcmd/api","tools/clientcmd/api/latest","tools/clientcmd/api/v1","tools/metrics","transport"]
  revision = "e121606b0d09b2e1c467183ee46217fa85a6b672"
  version = "v2.0.0"
